
Microsoft Visual Studio Solution File, Format Version 12.00
# Visual Studio Version 16
VisualStudioVersion = 16.0.29920.165
MinimumVisualStudioVersion = 10.0.40219.1
Project("{FAE04EC0-301F-11D3-BF4B-00C04F79EFBC}") = "CliTool", "CliTool\CliTool.csproj", "{B531B5F7-051F-4C54-928B-96B900968A6E}"
EndProject
Global
	GlobalSection(SolutionConfigurationPlatforms) = preSolution
		Debug|Any CPU = Debug|Any CPU
		Release|Any CPU = Release|Any CPU
	EndGlobalSection
	GlobalSection(ProjectConfigurationPlatforms) = postSolution
		{B531B5F7-051F-4C54-928B-96B900968A6E}.Debug|Any CPU.ActiveCfg = Debug|Any CPU
		{B531B5F7-051F-4C54-928B-96B900968A6E}.Debug|Any CPU.Build.0 = Debug|Any CPU
		{B531B5F7-051F-4C54-928B-96B900968A6E}.Release|Any CPU.ActiveCfg = Release|Any CPU
		{B531B5F7-051F-4C54-928B-96B900968A6E}.Release|Any CPU.Build.0 = Release|Any CPU
	EndGlobalSection
	GlobalSection(SolutionProperties) = preSolution
		HideSolutionNode = FALSE
	EndGlobalSection
	GlobalSection(ExtensibilityGlobals) = postSolution
		SolutionGuid = {0BA9FD53-B105-4BC2-B7C1-78A42FAFE521}
	EndGlobalSection
EndGlobal
